# THIS IS AN AUTOGENERATED FILE. DO NOT EDIT THIS FILE DIRECTLY.
# yarn lockfile v1


crypto-es@^1.2.7:
  version "1.2.7"
  resolved "https://registry.npmjs.org/crypto-es/-/crypto-es-1.2.7.tgz"
  integrity sha512-UUqiVJ2gUuZFmbFsKmud3uuLcNP2+Opt+5ysmljycFCyhA0+T16XJmo1ev/t5kMChMqWh7IEvURNCqsg+SjZGQ==
